
Microsoft Visual Studio Solution File, Format Version 12.00
# Visual Studio Version 16
VisualStudioVersion = 16.0.30413.136
MinimumVisualStudioVersion = 10.0.40219.1
Project("{FAE04EC0-301F-11D3-BF4B-00C04F79EFBC}") = "multiple", "multiple.csproj", "{36079D77-FD17-4D61-BE3B-87CAAA995518}"
EndProject
Global
	GlobalSection(SolutionConfigurationPlatforms) = preSolution
		Debug|Any CPU = Debug|Any CPU
		Release|Any CPU = Release|Any CPU
	EndGlobalSection
	GlobalSection(ProjectConfigurationPlatforms) = postSolution
		{36079D77-FD17-4D61-BE3B-87CAAA995518}.Debug|Any CPU.ActiveCfg = Debug|Any CPU
		{36079D77-FD17-4D61-BE3B-87CAAA995518}.Debug|Any CPU.Build.0 = Debug|Any CPU
		{36079D77-FD17-4D61-BE3B-87CAAA995518}.Release|Any CPU.ActiveCfg = Release|Any CPU
		{36079D77-FD17-4D61-BE3B-87CAAA995518}.Release|Any CPU.Build.0 = Release|Any CPU
	EndGlobalSection
	GlobalSection(SolutionProperties) = preSolution
		HideSolutionNode = FALSE
	EndGlobalSection
	GlobalSection(ExtensibilityGlobals) = postSolution
		SolutionGuid = {772E1687-83C9-4009-A5B6-0D45722170E2}
	EndGlobalSection
EndGlobal
